// !$*UTF8*$!
{
	archiveVersion = 1;
	classes = {
	};
	objectVersion = 51;
	objects = {

/* Begin PBXBuildFile section */
		2C4C39A225E35F4B0016644A /* AppDelegate.m in Sources */ = {isa = PBXBuildFile; fileRef = 2C4C39A125E35F4B0016644A /* AppDelegate.m */; };
		2C4C39A825E35F4B0016644A /* ViewController.m in Sources */ = {isa = PBXBuildFile; fileRef = 2C4C39A725E35F4B0016644A /* ViewController.m */; };
		2C4C39AB25E35F4B0016644A /* Main.storyboard in Resources */ = {isa = PBXBuildFile; fileRef = 2C4C39A925E35F4B0016644A /* Main.storyboard */; };
		2C4C39AD25E35F4C0016644A /* Assets.xcassets in Resources */ = {isa = PBXBuildFile; fileRef = 2C4C39AC25E35F4C0016644A /* Assets.xcassets */; };
		2C4C39B025E35F4C0016644A /* LaunchScreen.storyboard in Resources */ = {isa = PBXBuildFile; fileRef = 2C4C39AE25E35F4C0016644A /* LaunchScreen.storyboard */; };
		2C4C39B325E35F4C0016644A /* main.m in Sources */ = {isa = PBXBuildFile; fileRef = 2C4C39B225E35F4C0016644A /* main.m */; };
		2C4C39C525E361080016644A /* UIScrollView+EmptyView.m in Sources */ = {isa = PBXBuildFile; fileRef = 2C4C39C325E361080016644A /* UIScrollView+EmptyView.m */; };
		2C4C39C625E361080016644A /* YJEmptyBaseView.m in Sources */ = {isa = PBXBuildFile; fileRef = 2C4C39C425E361080016644A /* YJEmptyBaseView.m */; };
		2C4C39CF25E37D180016644A /* BaseViewController.m in Sources */ = {isa = PBXBuildFile; fileRef = 2C4C39CE25E37D180016644A /* BaseViewController.m */; };
		2C4C39D625E38F0B0016644A /* UIColor+ext.m in Sources */ = {isa = PBXBuildFile; fileRef = 2C4C39D425E38F0B0016644A /* UIColor+ext.m */; };
		2C4C39DA25E38FA00016644A /* TableView_NormalVC.m in Sources */ = {isa = PBXBuildFile; fileRef = 2C4C39D925E38FA00016644A /* TableView_NormalVC.m */; };
		2C4C39DE25E399BE0016644A /* TableView_headerViewVC.m in Sources */ = {isa = PBXBuildFile; fileRef = 2C4C39DD25E399BE0016644A /* TableView_headerViewVC.m */; };
		2C4C39E225E39CB60016644A /* CollectionView_NormalVC.m in Sources */ = {isa = PBXBuildFile; fileRef = 2C4C39E125E39CB60016644A /* CollectionView_NormalVC.m */; };
		2C880D6425ECE42100571F9B /* TableView_DelegateVC.m in Sources */ = {isa = PBXBuildFile; fileRef = 2C880D6325ECE42100571F9B /* TableView_DelegateVC.m */; };
		2C880D6825ECE6C300571F9B /* TableView_HeaderView_DelegateVC.m in Sources */ = {isa = PBXBuildFile; fileRef = 2C880D6725ECE6C300571F9B /* TableView_HeaderView_DelegateVC.m */; };
		2C880D6C25ECE8C000571F9B /* CollectionView_DelegateVC.m in Sources */ = {isa = PBXBuildFile; fileRef = 2C880D6B25ECE8C000571F9B /* CollectionView_DelegateVC.m */; };
		2C880D7025ECF83C00571F9B /* DIY_EmptyViewVC.m in Sources */ = {isa = PBXBuildFile; fileRef = 2C880D6F25ECF83C00571F9B /* DIY_EmptyViewVC.m */; };
		2C88C42B261C4383005D0EEA /* DIYEmptyView.m in Sources */ = {isa = PBXBuildFile; fileRef = 2C88C42A261C4383005D0EEA /* DIYEmptyView.m */; };
		2C88C470261C6AFE005D0EEA /* TableView_ClickVC.m in Sources */ = {isa = PBXBuildFile; fileRef = 2C88C46F261C6AFE005D0EEA /* TableView_ClickVC.m */; };
		2C88C475261C6FA7005D0EEA /* NormalEmptyView.m in Sources */ = {isa = PBXBuildFile; fileRef = 2C88C474261C6FA7005D0EEA /* NormalEmptyView.m */; };
		2CA4DF3C2627F06300F44C9D /* DIY.png in Resources */ = {isa = PBXBuildFile; fileRef = 2CA4DF392627F06300F44C9D /* DIY.png */; };
		2CA4DF3D2627F06300F44C9D /* click.png in Resources */ = {isa = PBXBuildFile; fileRef = 2CA4DF3A2627F06300F44C9D /* click.png */; };
		2CA4DF3E2627F06300F44C9D /* normal.png in Resources */ = {isa = PBXBuildFile; fileRef = 2CA4DF3B2627F06300F44C9D /* normal.png */; };
		2CA4DF43262818AB00F44C9D /* headerView.png in Resources */ = {isa = PBXBuildFile; fileRef = 2CA4DF42262818AB00F44C9D /* headerView.png */; };
		6CC767177BD6B6E3B68E1B57 /* Pods_YJEmptyView.framework in Frameworks */ = {isa = PBXBuildFile; fileRef = B3B212E591EA88ECF2A3B2B6 /* Pods_YJEmptyView.framework */; };
/* End PBXBuildFile section */

/* Begin PBXFileReference section */
		2C4C399D25E35F4B0016644A /* YJEmptyView.app */ = {isa = PBXFileReference; explicitFileType = wrapper.application; includeInIndex = 0; path = YJEmptyView.app; sourceTree = BUILT_PRODUCTS_DIR; };
		2C4C39A025E35F4B0016644A /* AppDelegate.h */ = {isa = PBXFileReference; lastKnownFileType = sourcecode.c.h; path = AppDelegate.h; sourceTree = "<group>"; };
		2C4C39A125E35F4B0016644A /* AppDelegate.m */ = {isa = PBXFileReference; lastKnownFileType = sourcecode.c.objc; path = AppDelegate.m; sourceTree = "<group>"; };
		2C4C39A625E35F4B0016644A /* ViewController.h */ = {isa = PBXFileReference; lastKnownFileType = sourcecode.c.h; path = ViewController.h; sourceTree = "<group>"; };
		2C4C39A725E35F4B0016644A /* ViewController.m */ = {isa = PBXFileReference; lastKnownFileType = sourcecode.c.objc; path = ViewController.m; sourceTree = "<group>"; };
		2C4C39AA25E35F4B0016644A /* Base */ = {isa = PBXFileReference; lastKnownFileType = file.storyboard; name = Base; path = Base.lproj/Main.storyboard; sourceTree = "<group>"; };
		2C4C39AC25E35F4C0016644A /* Assets.xcassets */ = {isa = PBXFileReference; lastKnownFileType = folder.assetcatalog; path = Assets.xcassets; sourceTree = "<group>"; };
		2C4C39AF25E35F4C0016644A /* Base */ = {isa = PBXFileReference; lastKnownFileType = file.storyboard; name = Base; path = Base.lproj/LaunchScreen.storyboard; sourceTree = "<group>"; };
		2C4C39B125E35F4C0016644A /* Info.plist */ = {isa = PBXFileReference; lastKnownFileType = text.plist.xml; path = Info.plist; sourceTree = "<group>"; };
		2C4C39B225E35F4C0016644A /* main.m */ = {isa = PBXFileReference; lastKnownFileType = sourcecode.c.objc; path = main.m; sourceTree = "<group>"; };
		2C4C39C025E361080016644A /* YJEmptyViewHeader.h */ = {isa = PBXFileReference; fileEncoding = 4; lastKnownFileType = sourcecode.c.h; path = YJEmptyViewHeader.h; sourceTree = "<group>"; };
		2C4C39C125E361080016644A /* YJEmptyBaseView.h */ = {isa = PBXFileReference; fileEncoding = 4; lastKnownFileType = sourcecode.c.h; path = YJEmptyBaseView.h; sourceTree = "<group>"; };
		2C4C39C225E361080016644A /* UIScrollView+EmptyView.h */ = {isa = PBXFileReference; fileEncoding = 4; lastKnownFileType = sourcecode.c.h; path = "UIScrollView+EmptyView.h"; sourceTree = "<group>"; };
		2C4C39C325E361080016644A /* UIScrollView+EmptyView.m */ = {isa = PBXFileReference; fileEncoding = 4; lastKnownFileType = sourcecode.c.objc; path = "UIScrollView+EmptyView.m"; sourceTree = "<group>"; };
		2C4C39C425E361080016644A /* YJEmptyBaseView.m */ = {isa = PBXFileReference; fileEncoding = 4; lastKnownFileType = sourcecode.c.objc; path = YJEmptyBaseView.m; sourceTree = "<group>"; };
		2C4C39CD25E37D180016644A /* BaseViewController.h */ = {isa = PBXFileReference; lastKnownFileType = sourcecode.c.h; path = BaseViewController.h; sourceTree = "<group>"; };
		2C4C39CE25E37D180016644A /* BaseViewController.m */ = {isa = PBXFileReference; lastKnownFileType = sourcecode.c.objc; path = BaseViewController.m; sourceTree = "<group>"; };
		2C4C39D425E38F0B0016644A /* UIColor+ext.m */ = {isa = PBXFileReference; fileEncoding = 4; lastKnownFileType = sourcecode.c.objc; path = "UIColor+ext.m"; sourceTree = "<group>"; };
		2C4C39D525E38F0B0016644A /* UIColor+ext.h */ = {isa = PBXFileReference; fileEncoding = 4; lastKnownFileType = sourcecode.c.h; path = "UIColor+ext.h"; sourceTree = "<group>"; };
		2C4C39D825E38FA00016644A /* TableView_NormalVC.h */ = {isa = PBXFileReference; lastKnownFileType = sourcecode.c.h; path = TableView_NormalVC.h; sourceTree = "<group>"; };
		2C4C39D925E38FA00016644A /* TableView_NormalVC.m */ = {isa = PBXFileReference; lastKnownFileType = sourcecode.c.objc; path = TableView_NormalVC.m; sourceTree = "<group>"; };
		2C4C39DC25E399BE0016644A /* TableView_headerViewVC.h */ = {isa = PBXFileReference; lastKnownFileType = sourcecode.c.h; path = TableView_headerViewVC.h; sourceTree = "<group>"; };
		2C4C39DD25E399BE0016644A /* TableView_headerViewVC.m */ = {isa = PBXFileReference; lastKnownFileType = sourcecode.c.objc; path = TableView_headerViewVC.m; sourceTree = "<group>"; };
		2C4C39E025E39CB60016644A /* CollectionView_NormalVC.h */ = {isa = PBXFileReference; lastKnownFileType = sourcecode.c.h; path = CollectionView_NormalVC.h; sourceTree = "<group>"; };
		2C4C39E125E39CB60016644A /* CollectionView_NormalVC.m */ = {isa = PBXFileReference; lastKnownFileType = sourcecode.c.objc; path = CollectionView_NormalVC.m; sourceTree = "<group>"; };
		2C880D6225ECE42100571F9B /* TableView_DelegateVC.h */ = {isa = PBXFileReference; lastKnownFileType = sourcecode.c.h; path = TableView_DelegateVC.h; sourceTree = "<group>"; };
		2C880D6325ECE42100571F9B /* TableView_DelegateVC.m */ = {isa = PBXFileReference; lastKnownFileType = sourcecode.c.objc; path = TableView_DelegateVC.m; sourceTree = "<group>"; };
		2C880D6625ECE6C300571F9B /* TableView_HeaderView_DelegateVC.h */ = {isa = PBXFileReference; lastKnownFileType = sourcecode.c.h; path = TableView_HeaderView_DelegateVC.h; sourceTree = "<group>"; };
		2C880D6725ECE6C300571F9B /* TableView_HeaderView_DelegateVC.m */ = {isa = PBXFileReference; lastKnownFileType = sourcecode.c.objc; path = TableView_HeaderView_DelegateVC.m; sourceTree = "<group>"; };
		2C880D6A25ECE8C000571F9B /* CollectionView_DelegateVC.h */ = {isa = PBXFileReference; lastKnownFileType = sourcecode.c.h; path = CollectionView_DelegateVC.h; sourceTree = "<group>"; };
		2C880D6B25ECE8C000571F9B /* CollectionView_DelegateVC.m */ = {isa = PBXFileReference; lastKnownFileType = sourcecode.c.objc; path = CollectionView_DelegateVC.m; sourceTree = "<group>"; };
		2C880D6E25ECF83C00571F9B /* DIY_EmptyViewVC.h */ = {isa = PBXFileReference; lastKnownFileType = sourcecode.c.h; path = DIY_EmptyViewVC.h; sourceTree = "<group>"; };
		2C880D6F25ECF83C00571F9B /* DIY_EmptyViewVC.m */ = {isa = PBXFileReference; lastKnownFileType = sourcecode.c.objc; path = DIY_EmptyViewVC.m; sourceTree = "<group>"; };
		2C88C429261C4383005D0EEA /* DIYEmptyView.h */ = {isa = PBXFileReference; lastKnownFileType = sourcecode.c.h; path = DIYEmptyView.h; sourceTree = "<group>"; };
		2C88C42A261C4383005D0EEA /* DIYEmptyView.m */ = {isa = PBXFileReference; lastKnownFileType = sourcecode.c.objc; path = DIYEmptyView.m; sourceTree = "<group>"; };
		2C88C42E261C4429005D0EEA /* PrefixHeader.pch */ = {isa = PBXFileReference; lastKnownFileType = sourcecode.c.h; path = PrefixHeader.pch; sourceTree = "<group>"; };
		2C88C46E261C6AFE005D0EEA /* TableView_ClickVC.h */ = {isa = PBXFileReference; lastKnownFileType = sourcecode.c.h; path = TableView_ClickVC.h; sourceTree = "<group>"; };
		2C88C46F261C6AFE005D0EEA /* TableView_ClickVC.m */ = {isa = PBXFileReference; lastKnownFileType = sourcecode.c.objc; path = TableView_ClickVC.m; sourceTree = "<group>"; };
		2C88C473261C6FA7005D0EEA /* NormalEmptyView.h */ = {isa = PBXFileReference; lastKnownFileType = sourcecode.c.h; path = NormalEmptyView.h; sourceTree = "<group>"; };
		2C88C474261C6FA7005D0EEA /* NormalEmptyView.m */ = {isa = PBXFileReference; lastKnownFileType = sourcecode.c.objc; path = NormalEmptyView.m; sourceTree = "<group>"; };
		2CA4DF392627F06300F44C9D /* DIY.png */ = {isa = PBXFileReference; lastKnownFileType = image.png; path = DIY.png; sourceTree = "<group>"; };
		2CA4DF3A2627F06300F44C9D /* click.png */ = {isa = PBXFileReference; lastKnownFileType = image.png; path = click.png; sourceTree = "<group>"; };
		2CA4DF3B2627F06300F44C9D /* normal.png */ = {isa = PBXFileReference; lastKnownFileType = image.png; path = normal.png; sourceTree = "<group>"; };
		2CA4DF42262818AB00F44C9D /* headerView.png */ = {isa = PBXFileReference; lastKnownFileType = image.png; path = headerView.png; sourceTree = "<group>"; };
		5C992212F527192782AEA092 /* Pods-YJEmptyView.release.xcconfig */ = {isa = PBXFileReference; includeInIndex = 1; lastKnownFileType = text.xcconfig; name = "Pods-YJEmptyView.release.xcconfig"; path = "Target Support Files/Pods-YJEmptyView/Pods-YJEmptyView.release.xcconfig"; sourceTree = "<group>"; };
		A0D8431F7FCB8CA5C0C23EF9 /* Pods-YJEmptyView.debug.xcconfig */ = {isa = PBXFileReference; includeInIndex = 1; lastKnownFileType = text.xcconfig; name = "Pods-YJEmptyView.debug.xcconfig"; path = "Target Support Files/Pods-YJEmptyView/Pods-YJEmptyView.debug.xcconfig"; sourceTree = "<group>"; };
		B3B212E591EA88ECF2A3B2B6 /* Pods_YJEmptyView.framework */ = {isa = PBXFileReference; explicitFileType = wrapper.framework; includeInIndex = 0; path = Pods_YJEmptyView.framework; sourceTree = BUILT_PRODUCTS_DIR; };
/* End PBXFileReference section */

/* Begin PBXFrameworksBuildPhase section */
		2C4C399A25E35F4B0016644A /* Frameworks */ = {
			isa = PBXFrameworksBuildPhase;
			buildActionMask = 2147483647;
			files = (
				6CC767177BD6B6E3B68E1B57 /* Pods_YJEmptyView.framework in Frameworks */,
			);
			runOnlyForDeploymentPostprocessing = 0;
		};
/* End PBXFrameworksBuildPhase section */

/* Begin PBXGroup section */
		2C4C399425E35F4B0016644A = {
			isa = PBXGroup;
			children = (
				2C4C399F25E35F4B0016644A /* YJEmptyView */,
				2C4C399E25E35F4B0016644A /* Products */,
				9CF9D55452C335934F594A2A /* Pods */,
				2F911649D2B8B05A2CAEFEC7 /* Frameworks */,
			);
			sourceTree = "<group>";
		};
		2C4C399E25E35F4B0016644A /* Products */ = {
			isa = PBXGroup;
			children = (
				2C4C399D25E35F4B0016644A /* YJEmptyView.app */,
			);
			name = Products;
			sourceTree = "<group>";
		};
		2C4C399F25E35F4B0016644A /* YJEmptyView */ = {
			isa = PBXGroup;
			children = (
				2C4C39BF25E360870016644A /* YJEmptyView */,
				2C4C39CB25E363260016644A /* Demo */,
				2CA4DF382627F06300F44C9D /* ExamplePhoto */,
				2C4C39A025E35F4B0016644A /* AppDelegate.h */,
				2C4C39A125E35F4B0016644A /* AppDelegate.m */,
				2C4C39A625E35F4B0016644A /* ViewController.h */,
				2C4C39A725E35F4B0016644A /* ViewController.m */,
				2C4C39A925E35F4B0016644A /* Main.storyboard */,
				2C4C39AC25E35F4C0016644A /* Assets.xcassets */,
				2C4C39AE25E35F4C0016644A /* LaunchScreen.storyboard */,
				2C4C39B125E35F4C0016644A /* Info.plist */,
				2C4C39B225E35F4C0016644A /* main.m */,
				2C4C39D525E38F0B0016644A /* UIColor+ext.h */,
				2C4C39D425E38F0B0016644A /* UIColor+ext.m */,
				2C88C42E261C4429005D0EEA /* PrefixHeader.pch */,
			);
			path = YJEmptyView;
			sourceTree = "<group>";
		};
		2C4C39BF25E360870016644A /* YJEmptyView */ = {
			isa = PBXGroup;
			children = (
				2C4C39C025E361080016644A /* YJEmptyViewHeader.h */,
				2C4C39C125E361080016644A /* YJEmptyBaseView.h */,
				2C4C39C425E361080016644A /* YJEmptyBaseView.m */,
				2C4C39C225E361080016644A /* UIScrollView+EmptyView.h */,
				2C4C39C325E361080016644A /* UIScrollView+EmptyView.m */,
			);
			path = YJEmptyView;
			sourceTree = "<group>";
		};
		2C4C39CB25E363260016644A /* Demo */ = {
			isa = PBXGroup;
			children = (
				2C4C39CD25E37D180016644A /* BaseViewController.h */,
				2C4C39CE25E37D180016644A /* BaseViewController.m */,
				2C88C426261C431E005D0EEA /* normal */,
				2C88C427261C4343005D0EEA /* delegate */,
				2C88C428261C435A005D0EEA /* DIY */,
				2C88C46D261C6ACB005D0EEA /* Click */,
			);
			path = Demo;
			sourceTree = "<group>";
		};
		2C88C426261C431E005D0EEA /* normal */ = {
			isa = PBXGroup;
			children = (
				2C4C39D825E38FA00016644A /* TableView_NormalVC.h */,
				2C4C39D925E38FA00016644A /* TableView_NormalVC.m */,
				2C4C39DC25E399BE0016644A /* TableView_headerViewVC.h */,
				2C4C39DD25E399BE0016644A /* TableView_headerViewVC.m */,
				2C4C39E025E39CB60016644A /* CollectionView_NormalVC.h */,
				2C4C39E125E39CB60016644A /* CollectionView_NormalVC.m */,
			);
			path = normal;
			sourceTree = "<group>";
		};
		2C88C427261C4343005D0EEA /* delegate */ = {
			isa = PBXGroup;
			children = (
				2C880D6225ECE42100571F9B /* TableView_DelegateVC.h */,
				2C880D6325ECE42100571F9B /* TableView_DelegateVC.m */,
				2C880D6625ECE6C300571F9B /* TableView_HeaderView_DelegateVC.h */,
				2C880D6725ECE6C300571F9B /* TableView_HeaderView_DelegateVC.m */,
				2C880D6A25ECE8C000571F9B /* CollectionView_DelegateVC.h */,
				2C880D6B25ECE8C000571F9B /* CollectionView_DelegateVC.m */,
			);
			path = delegate;
			sourceTree = "<group>";
		};
		2C88C428261C435A005D0EEA /* DIY */ = {
			isa = PBXGroup;
			children = (
				2C880D6E25ECF83C00571F9B /* DIY_EmptyViewVC.h */,
				2C880D6F25ECF83C00571F9B /* DIY_EmptyViewVC.m */,
				2C88C429261C4383005D0EEA /* DIYEmptyView.h */,
				2C88C42A261C4383005D0EEA /* DIYEmptyView.m */,
			);
			path = DIY;
			sourceTree = "<group>";
		};
		2C88C46D261C6ACB005D0EEA /* Click */ = {
			isa = PBXGroup;
			children = (
				2C88C46E261C6AFE005D0EEA /* TableView_ClickVC.h */,
				2C88C46F261C6AFE005D0EEA /* TableView_ClickVC.m */,
				2C88C473261C6FA7005D0EEA /* NormalEmptyView.h */,
				2C88C474261C6FA7005D0EEA /* NormalEmptyView.m */,
			);
			path = Click;
			sourceTree = "<group>";
		};
		2CA4DF382627F06300F44C9D /* ExamplePhoto */ = {
			isa = PBXGroup;
			children = (
				2CA4DF392627F06300F44C9D /* DIY.png */,
				2CA4DF3A2627F06300F44C9D /* click.png */,
				2CA4DF3B2627F06300F44C9D /* normal.png */,
				2CA4DF42262818AB00F44C9D /* headerView.png */,
			);
			path = ExamplePhoto;
			sourceTree = "<group>";
		};
		2F911649D2B8B05A2CAEFEC7 /* Frameworks */ = {
			isa = PBXGroup;
			children = (
				B3B212E591EA88ECF2A3B2B6 /* Pods_YJEmptyView.framework */,
			);
			name = Frameworks;
			sourceTree = "<group>";
		};
		9CF9D55452C335934F594A2A /* Pods */ = {
			isa = PBXGroup;
			children = (
				A0D8431F7FCB8CA5C0C23EF9 /* Pods-YJEmptyView.debug.xcconfig */,
				5C992212F527192782AEA092 /* Pods-YJEmptyView.release.xcconfig */,
			);
			path = Pods;
			sourceTree = "<group>";
		};
/* End PBXGroup section */

/* Begin PBXNativeTarget section */
		2C4C399C25E35F4B0016644A /* YJEmptyView */ = {
			isa = PBXNativeTarget;
			buildConfigurationList = 2C4C39B625E35F4C0016644A /* Build configuration list for PBXNativeTarget "YJEmptyView" */;
			buildPhases = (
				10D62D5DE68831BB4948C090 /* [CP] Check Pods Manifest.lock */,
				2C4C399925E35F4B0016644A /* Sources */,
				2C4C399A25E35F4B0016644A /* Frameworks */,
				2C4C399B25E35F4B0016644A /* Resources */,
				386CA7B7743E6722BCDBDFFA /* [CP] Embed Pods Frameworks */,
			);
			buildRules = (
			);
			dependencies = (
			);
			name = YJEmptyView;
			productName = YJEmptyView;
			productReference = 2C4C399D25E35F4B0016644A /* YJEmptyView.app */;
			productType = "com.apple.product-type.application";
		};
/* End PBXNativeTarget section */

/* Begin PBXProject section */
		2C4C399525E35F4B0016644A /* Project object */ = {
			isa = PBXProject;
			attributes = {
				LastUpgradeCheck = 1240;
				TargetAttributes = {
					2C4C399C25E35F4B0016644A = {
						CreatedOnToolsVersion = 12.4;
					};
				};
			};
			buildConfigurationList = 2C4C399825E35F4B0016644A /* Build configuration list for PBXProject "YJEmptyView" */;
			compatibilityVersion = "Xcode 9.3";
			developmentRegion = en;
			hasScannedForEncodings = 0;
			knownRegions = (
				en,
				Base,
			);
			mainGroup = 2C4C399425E35F4B0016644A;
			productRefGroup = 2C4C399E25E35F4B0016644A /* Products */;
			projectDirPath = "";
			projectRoot = "";
			targets = (
				2C4C399C25E35F4B0016644A /* YJEmptyView */,
			);
		};
/* End PBXProject section */

/* Begin PBXResourcesBuildPhase section */
		2C4C399B25E35F4B0016644A /* Resources */ = {
			isa = PBXResourcesBuildPhase;
			buildActionMask = 2147483647;
			files = (
				2CA4DF3E2627F06300F44C9D /* normal.png in Resources */,
				2CA4DF3C2627F06300F44C9D /* DIY.png in Resources */,
				2CA4DF3D2627F06300F44C9D /* click.png in Resources */,
				2C4C39B025E35F4C0016644A /* LaunchScreen.storyboard in Resources */,
				2CA4DF43262818AB00F44C9D /* headerView.png in Resources */,
				2C4C39AD25E35F4C0016644A /* Assets.xcassets in Resources */,
				2C4C39AB25E35F4B0016644A /* Main.storyboard in Resources */,
			);
			runOnlyForDeploymentPostprocessing = 0;
		};
/* End PBXResourcesBuildPhase section */

/* Begin PBXShellScriptBuildPhase section */
		10D62D5DE68831BB4948C090 /* [CP] Check Pods Manifest.lock */ = {
			isa = PBXShellScriptBuildPhase;
			buildActionMask = 2147483647;
			files = (
			);
			inputFileListPaths = (
			);
			inputPaths = (
				"${PODS_PODFILE_DIR_PATH}/Podfile.lock",
				"${PODS_ROOT}/Manifest.lock",
			);
			name = "[CP] Check Pods Manifest.lock";
			outputFileListPaths = (
			);
			outputPaths = (
				"$(DERIVED_FILE_DIR)/Pods-YJEmptyView-checkManifestLockResult.txt",
			);
			runOnlyForDeploymentPostprocessing = 0;
			shellPath = /bin/sh;
			shellScript = "diff \"${PODS_PODFILE_DIR_PATH}/Podfile.lock\" \"${PODS_ROOT}/Manifest.lock\" > /dev/null\nif [ $? != 0 ] ; then\n    # print error to STDERR\n    echo \"error: The sandbox is not in sync with the Podfile.lock. Run 'pod install' or update your CocoaPods installation.\" >&2\n    exit 1\nfi\n# This output is used by Xcode 'outputs' to avoid re-running this script phase.\necho \"SUCCESS\" > \"${SCRIPT_OUTPUT_FILE_0}\"\n";
			showEnvVarsInLog = 0;
		};
		386CA7B7743E6722BCDBDFFA /* [CP] Embed Pods Frameworks */ = {
			isa = PBXShellScriptBuildPhase;
			buildActionMask = 2147483647;
			files = (
			);
			inputFileListPaths = (
				"${PODS_ROOT}/Target Support Files/Pods-YJEmptyView/Pods-YJEmptyView-frameworks-${CONFIGURATION}-input-files.xcfilelist",
			);
			name = "[CP] Embed Pods Frameworks";
			outputFileListPaths = (
				"${PODS_ROOT}/Target Support Files/Pods-YJEmptyView/Pods-YJEmptyView-frameworks-${CONFIGURATION}-output-files.xcfilelist",
			);
			runOnlyForDeploymentPostprocessing = 0;
			shellPath = /bin/sh;
			shellScript = "\"${PODS_ROOT}/Target Support Files/Pods-YJEmptyView/Pods-YJEmptyView-frameworks.sh\"\n";
			showEnvVarsInLog = 0;
		};
/* End PBXShellScriptBuildPhase section */

/* Begin PBXSourcesBuildPhase section */
		2C4C399925E35F4B0016644A /* Sources */ = {
			isa = PBXSourcesBuildPhase;
			buildActionMask = 2147483647;
			files = (
				2C4C39C525E361080016644A /* UIScrollView+EmptyView.m in Sources */,
				2C4C39CF25E37D180016644A /* BaseViewController.m in Sources */,
				2C4C39E225E39CB60016644A /* CollectionView_NormalVC.m in Sources */,
				2C88C42B261C4383005D0EEA /* DIYEmptyView.m in Sources */,
				2C880D6825ECE6C300571F9B /* TableView_HeaderView_DelegateVC.m in Sources */,
				2C4C39A825E35F4B0016644A /* ViewController.m in Sources */,
				2C880D6C25ECE8C000571F9B /* CollectionView_DelegateVC.m in Sources */,
				2C4C39DA25E38FA00016644A /* TableView_NormalVC.m in Sources */,
				2C4C39D625E38F0B0016644A /* UIColor+ext.m in Sources */,
				2C4C39A225E35F4B0016644A /* AppDelegate.m in Sources */,
				2C4C39DE25E399BE0016644A /* TableView_headerViewVC.m in Sources */,
				2C880D6425ECE42100571F9B /* TableView_DelegateVC.m in Sources */,
				2C4C39C625E361080016644A /* YJEmptyBaseView.m in Sources */,
				2C880D7025ECF83C00571F9B /* DIY_EmptyViewVC.m in Sources */,
				2C4C39B325E35F4C0016644A /* main.m in Sources */,
				2C88C475261C6FA7005D0EEA /* NormalEmptyView.m in Sources */,
				2C88C470261C6AFE005D0EEA /* TableView_ClickVC.m in Sources */,
			);
			runOnlyForDeploymentPostprocessing = 0;
		};
/* End PBXSourcesBuildPhase section */

/* Begin PBXVariantGroup section */
		2C4C39A925E35F4B0016644A /* Main.storyboard */ = {
			isa = PBXVariantGroup;
			children = (
				2C4C39AA25E35F4B0016644A /* Base */,
			);
			name = Main.storyboard;
			sourceTree = "<group>";
		};
		2C4C39AE25E35F4C0016644A /* LaunchScreen.storyboard */ = {
			isa = PBXVariantGroup;
			children = (
				2C4C39AF25E35F4C0016644A /* Base */,
			);
			name = LaunchScreen.storyboard;
			sourceTree = "<group>";
		};
/* End PBXVariantGroup section */

/* Begin XCBuildConfiguration section */
		2C4C39B425E35F4C0016644A /* Debug */ = {
			isa = XCBuildConfiguration;
			buildSettings = {
				ALWAYS_SEARCH_USER_PATHS = NO;
				CLANG_ANALYZER_NONNULL = YES;
				CLANG_ANALYZER_NUMBER_OBJECT_CONVERSION = YES_AGGRESSIVE;
				CLANG_CXX_LANGUAGE_STANDARD = "gnu++14";
				CLANG_CXX_LIBRARY = "libc++";
				CLANG_ENABLE_MODULES = YES;
				CLANG_ENABLE_OBJC_ARC = YES;
				CLANG_ENABLE_OBJC_WEAK = YES;
				CLANG_WARN_BLOCK_CAPTURE_AUTORELEASING = YES;
				CLANG_WARN_BOOL_CONVERSION = YES;
				CLANG_WARN_COMMA = YES;
				CLANG_WARN_CONSTANT_CONVERSION = YES;
				CLANG_WARN_DEPRECATED_OBJC_IMPLEMENTATIONS = YES;
				CLANG_WARN_DIRECT_OBJC_ISA_USAGE = YES_ERROR;
				CLANG_WARN_DOCUMENTATION_COMMENTS = YES;
				CLANG_WARN_EMPTY_BODY = YES;
				CLANG_WARN_ENUM_CONVERSION = YES;
				CLANG_WARN_INFINITE_RECURSION = YES;
				CLANG_WARN_INT_CONVERSION = YES;
				CLANG_WARN_NON_LITERAL_NULL_CONVERSION = YES;
				CLANG_WARN_OBJC_IMPLICIT_RETAIN_SELF = YES;
				CLANG_WARN_OBJC_LITERAL_CONVERSION = YES;
				CLANG_WARN_OBJC_ROOT_CLASS = YES_ERROR;
				CLANG_WARN_QUOTED_INCLUDE_IN_FRAMEWORK_HEADER = YES;
				CLANG_WARN_RANGE_LOOP_ANALYSIS = YES;
				CLANG_WARN_STRICT_PROTOTYPES = YES;
				CLANG_WARN_SUSPICIOUS_MOVE = YES;
				CLANG_WARN_UNGUARDED_AVAILABILITY = YES_AGGRESSIVE;
				CLANG_WARN_UNREACHABLE_CODE = YES;
				CLANG_WARN__DUPLICATE_METHOD_MATCH = YES;
				COPY_PHASE_STRIP = NO;
				DEBUG_INFORMATION_FORMAT = dwarf;
				ENABLE_STRICT_OBJC_MSGSEND = YES;
				ENABLE_TESTABILITY = YES;
				GCC_C_LANGUAGE_STANDARD = gnu11;
				GCC_DYNAMIC_NO_PIC = NO;
				GCC_NO_COMMON_BLOCKS = YES;
				GCC_OPTIMIZATION_LEVEL = 0;
				GCC_PREPROCESSOR_DEFINITIONS = (
					"DEBUG=1",
					"$(inherited)",
				);
				GCC_WARN_64_TO_32_BIT_CONVERSION = YES;
				GCC_WARN_ABOUT_RETURN_TYPE = YES_ERROR;
				GCC_WARN_UNDECLARED_SELECTOR = YES;
				GCC_WARN_UNINITIALIZED_AUTOS = YES_AGGRESSIVE;
				GCC_WARN_UNUSED_FUNCTION = YES;
				GCC_WARN_UNUSED_VARIABLE = YES;
				IPHONEOS_DEPLOYMENT_TARGET = 14.4;
				MTL_ENABLE_DEBUG_INFO = INCLUDE_SOURCE;
				MTL_FAST_MATH = YES;
				ONLY_ACTIVE_ARCH = YES;
				SDKROOT = iphoneos;
			};
			name = Debug;
		};
		2C4C39B525E35F4C0016644A /* Release */ = {
			isa = XCBuildConfiguration;
			buildSettings = {
				ALWAYS_SEARCH_USER_PATHS = NO;
				CLANG_ANALYZER_NONNULL = YES;
				CLANG_ANALYZER_NUMBER_OBJECT_CONVERSION = YES_AGGRESSIVE;
				CLANG_CXX_LANGUAGE_STANDARD = "gnu++14";
				CLANG_CXX_LIBRARY = "libc++";
				CLANG_ENABLE_MODULES = YES;
				CLANG_ENABLE_OBJC_ARC = YES;
				CLANG_ENABLE_OBJC_WEAK = YES;
				CLANG_WARN_BLOCK_CAPTURE_AUTORELEASING = YES;
				CLANG_WARN_BOOL_CONVERSION = YES;
				CLANG_WARN_COMMA = YES;
				CLANG_WARN_CONSTANT_CONVERSION = YES;
				CLANG_WARN_DEPRECATED_OBJC_IMPLEMENTATIONS = YES;
				CLANG_WARN_DIRECT_OBJC_ISA_USAGE = YES_ERROR;
				CLANG_WARN_DOCUMENTATION_COMMENTS = YES;
				CLANG_WARN_EMPTY_BODY = YES;
				CLANG_WARN_ENUM_CONVERSION = YES;
				CLANG_WARN_INFINITE_RECURSION = YES;
				CLANG_WARN_INT_CONVERSION = YES;
				CLANG_WARN_NON_LITERAL_NULL_CONVERSION = YES;
				CLANG_WARN_OBJC_IMPLICIT_RETAIN_SELF = YES;
				CLANG_WARN_OBJC_LITERAL_CONVERSION = YES;
				CLANG_WARN_OBJC_ROOT_CLASS = YES_ERROR;
				CLANG_WARN_QUOTED_INCLUDE_IN_FRAMEWORK_HEADER = YES;
				CLANG_WARN_RANGE_LOOP_ANALYSIS = YES;
				CLANG_WARN_STRICT_PROTOTYPES = YES;
				CLANG_WARN_SUSPICIOUS_MOVE = YES;
				CLANG_WARN_UNGUARDED_AVAILABILITY = YES_AGGRESSIVE;
				CLANG_WARN_UNREACHABLE_CODE = YES;
				CLANG_WARN__DUPLICATE_METHOD_MATCH = YES;
				COPY_PHASE_STRIP = NO;
				DEBUG_INFORMATION_FORMAT = "dwarf-with-dsym";
				ENABLE_NS_ASSERTIONS = NO;
				ENABLE_STRICT_OBJC_MSGSEND = YES;
				GCC_C_LANGUAGE_STANDARD = gnu11;
				GCC_NO_COMMON_BLOCKS = YES;
				GCC_WARN_64_TO_32_BIT_CONVERSION = YES;
				GCC_WARN_ABOUT_RETURN_TYPE = YES_ERROR;
				GCC_WARN_UNDECLARED_SELECTOR = YES;
				GCC_WARN_UNINITIALIZED_AUTOS = YES_AGGRESSIVE;
				GCC_WARN_UNUSED_FUNCTION = YES;
				GCC_WARN_UNUSED_VARIABLE = YES;
				IPHONEOS_DEPLOYMENT_TARGET = 14.4;
				MTL_ENABLE_DEBUG_INFO = NO;
				MTL_FAST_MATH = YES;
				SDKROOT = iphoneos;
				VALIDATE_PRODUCT = YES;
			};
			name = Release;
		};
		2C4C39B725E35F4C0016644A /* Debug */ = {
			isa = XCBuildConfiguration;
			baseConfigurationReference = A0D8431F7FCB8CA5C0C23EF9 /* Pods-YJEmptyView.debug.xcconfig */;
			buildSettings = {
				ASSETCATALOG_COMPILER_APPICON_NAME = AppIcon;
				ASSETCATALOG_COMPILER_GLOBAL_ACCENT_COLOR_NAME = AccentColor;
				CODE_SIGN_STYLE = Automatic;
				GCC_PREFIX_HEADER = YJEmptyView/PrefixHeader.pch;
				INFOPLIST_FILE = YJEmptyView/Info.plist;
				IPHONEOS_DEPLOYMENT_TARGET = 9.0;
				LD_RUNPATH_SEARCH_PATHS = (
					"$(inherited)",
					"@executable_path/Frameworks",
				);
				MARKETING_VERSION = 1.2.2;
				PRODUCT_BUNDLE_IDENTIFIER = YJExpand.YJEmptyView;
				PRODUCT_NAME = "$(TARGET_NAME)";
				TARGETED_DEVICE_FAMILY = 1;
			};
			name = Debug;
		};
		2C4C39B825E35F4C0016644A /* Release */ = {
			isa = XCBuildConfiguration;
			baseConfigurationReference = 5C992212F527192782AEA092 /* Pods-YJEmptyView.release.xcconfig */;
			buildSettings = {
				ASSETCATALOG_COMPILER_APPICON_NAME = AppIcon;
				ASSETCATALOG_COMPILER_GLOBAL_ACCENT_COLOR_NAME = AccentColor;
				CODE_SIGN_STYLE = Automatic;
				GCC_PREFIX_HEADER = YJEmptyView/PrefixHeader.pch;
				INFOPLIST_FILE = YJEmptyView/Info.plist;
				IPHONEOS_DEPLOYMENT_TARGET = 9.0;
				LD_RUNPATH_SEARCH_PATHS = (
					"$(inherited)",
					"@executable_path/Frameworks",
				);
				MARKETING_VERSION = 1.2.2;
				PRODUCT_BUNDLE_IDENTIFIER = YJExpand.YJEmptyView;
				PRODUCT_NAME = "$(TARGET_NAME)";
				TARGETED_DEVICE_FAMILY = 1;
			};
			name = Release;
		};
/* End XCBuildConfiguration section */

/* Begin XCConfigurationList section */
		2C4C399825E35F4B0016644A /* Build configuration list for PBXProject "YJEmptyView" */ = {
			isa = XCConfigurationList;
			buildConfigurations = (
				2C4C39B425E35F4C0016644A /* Debug */,
				2C4C39B525E35F4C0016644A /* Release */,
			);
			defaultConfigurationIsVisible = 0;
			defaultConfigurationName = Release;
		};
		2C4C39B625E35F4C0016644A /* Build configuration list for PBXNativeTarget "YJEmptyView" */ = {
			isa = XCConfigurationList;
			buildConfigurations = (
				2C4C39B725E35F4C0016644A /* Debug */,
				2C4C39B825E35F4C0016644A /* Release */,
			);
			defaultConfigurationIsVisible = 0;
			defaultConfigurationName = Release;
		};
/* End XCConfigurationList section */
	};
	rootObject = 2C4C399525E35F4B0016644A /* Project object */;
}
